{
  "requires": true,
  "lockfileVersion": 1,
  "dependencies": {
    "@uirouter/angularjs": {
      "version": "1.0.12",
      "resolved": "https://registry.npmjs.org/@uirouter/angularjs/-/angularjs-1.0.12.tgz",
      "integrity": "sha512-HFOgeunQdMyloWa6mBKVdyq98w09ZjLbY7xAN1RAg4b7Fyfd9qmdW8E14pAUb6BWvAXCYfKstt+03tMNfx8fKg==",
      "requires": {
        "@uirouter/core": "5.0.13"
      }
    },
    "@uirouter/core": {
      "version": "5.0.13",
      "resolved": "https://registry.npmjs.org/@uirouter/core/-/core-5.0.13.tgz",
      "integrity": "sha512-/kC/47ag9uwouGXAgxpRe9j63QbkShddLgowXKifQVwtICfKBMquDe/3nFIPi+k6M9+1LEcRQ29EWGJo4ZoR2g=="
    },
    "angular": {
      "version": "1.5.11",
      "resolved": "https://registry.npmjs.org/angular/-/angular-1.5.11.tgz",
      "integrity": "sha1-jFunOG8VllyazzQp9ogVU6raMNY="
    },
    "angular-route": {
      "version": "1.6.8",
      "resolved": "https://registry.npmjs.org/angular-route/-/angular-route-1.6.8.tgz",
      "integrity": "sha512-6PlZVc9SRkzYdinL8urilbA/6RmbKdaGrgAKWo2XXgblOHLxguWcYcqYXPUdlMVbMYZuubI+OzTXMa2zol18AQ=="
    },
    "angular-sanitize": {
      "version": "1.5.11",
      "resolved": "https://registry.npmjs.org/angular-sanitize/-/angular-sanitize-1.5.11.tgz",
      "integrity": "sha1-6/s/ND5UP5su8FD7TC6e4EjRdy8="
    },
    "ng-toast": {
      "version": "2.0.0",
      "resolved": "https://registry.npmjs.org/ng-toast/-/ng-toast-2.0.0.tgz",
      "integrity": "sha1-f8Ez/AXohpCDDofNPR8ZPfHDNIM=",
      "requires": {
        "angular": "1.5.11",
        "angular-sanitize": "1.5.11"
      }
    },
    "rangy": {
      "version": "1.3.0",
      "resolved": "https://registry.npmjs.org/rangy/-/rangy-1.3.0.tgz",
      "integrity": "sha1-t8mnCuoF5djNx0qNTIJz1pcnGQQ="
    },
    "textangular": {
      "version": "1.5.16",
      "resolved": "https://registry.npmjs.org/textangular/-/textangular-1.5.16.tgz",
      "integrity": "sha1-xDGc6tXaE1SJbWC+FX6pi2jZuTY=",
      "requires": {
        "rangy": "1.3.0"
      }
    }
  }
}
